
Microsoft Visual Studio Solution File, Format Version 12.00
# Visual Studio Version 17
VisualStudioVersion = 17.0.31903.59
MinimumVisualStudioVersion = 10.0.40219.1
Project("{2150E333-8FDC-42A3-9474-1A3956D46DE8}") = "src", "src", "{A6477956-B0D4-422D-A20E-88BC362C6839}"
EndProject
Project("{FAE04EC0-301F-11D3-BF4B-00C04F79EFBC}") = "SampleSecurityProvider", "src\SampleSecurityProvider\SampleSecurityProvider.csproj", "{64FA2D0E-6FAB-48BC-8C40-C3D75F6C7A41}"
EndProject
Project("{FAE04EC0-301F-11D3-BF4B-00C04F79EFBC}") = "SampleSecurityProviderUI", "src\SampleSecurityProviderUI\SampleSecurityProviderUI.csproj", "{E1F3CFED-7615-4977-A59C-AEF722F30701}"
EndProject
Project("{FAE04EC0-301F-11D3-BF4B-00C04F79EFBC}") = "Domain", "src\Domain\Domain.csproj", "{AE972868-45AD-4089-95F4-BB5743B9355F}"
EndProject
Project("{FAE04EC0-301F-11D3-BF4B-00C04F79EFBC}") = "Application", "src\Application\Application.csproj", "{0AC038B9-F203-4ACA-83BC-22D2CEE6DF73}"
EndProject
Project("{FAE04EC0-301F-11D3-BF4B-00C04F79EFBC}") = "Infrastructure", "src\Infrastructure\Infrastructure.csproj", "{2375AAB7-8D50-4124-80CA-157E5B085C6E}"
EndProject
Project("{FAE04EC0-301F-11D3-BF4B-00C04F79EFBC}") = "Runtime.Host", "src\Runtime.Host\Runtime.Host.csproj", "{75EC443B-5D87-4CBC-8B89-C461C505C5C3}"
EndProject
Global
	GlobalSection(SolutionConfigurationPlatforms) = preSolution
		Debug|Any CPU = Debug|Any CPU
		Release|Any CPU = Release|Any CPU
	EndGlobalSection
	GlobalSection(SolutionProperties) = preSolution
		HideSolutionNode = FALSE
	EndGlobalSection
	GlobalSection(ProjectConfigurationPlatforms) = postSolution
		{64FA2D0E-6FAB-48BC-8C40-C3D75F6C7A41}.Debug|Any CPU.ActiveCfg = Debug|Any CPU
		{64FA2D0E-6FAB-48BC-8C40-C3D75F6C7A41}.Debug|Any CPU.Build.0 = Debug|Any CPU
		{64FA2D0E-6FAB-48BC-8C40-C3D75F6C7A41}.Release|Any CPU.ActiveCfg = Release|Any CPU
		{64FA2D0E-6FAB-48BC-8C40-C3D75F6C7A41}.Release|Any CPU.Build.0 = Release|Any CPU
		{E1F3CFED-7615-4977-A59C-AEF722F30701}.Debug|Any CPU.ActiveCfg = Debug|Any CPU
		{E1F3CFED-7615-4977-A59C-AEF722F30701}.Debug|Any CPU.Build.0 = Debug|Any CPU
		{E1F3CFED-7615-4977-A59C-AEF722F30701}.Release|Any CPU.ActiveCfg = Release|Any CPU
		{E1F3CFED-7615-4977-A59C-AEF722F30701}.Release|Any CPU.Build.0 = Release|Any CPU
		{AE972868-45AD-4089-95F4-BB5743B9355F}.Debug|Any CPU.ActiveCfg = Debug|Any CPU
		{AE972868-45AD-4089-95F4-BB5743B9355F}.Debug|Any CPU.Build.0 = Debug|Any CPU
		{AE972868-45AD-4089-95F4-BB5743B9355F}.Release|Any CPU.ActiveCfg = Release|Any CPU
		{AE972868-45AD-4089-95F4-BB5743B9355F}.Release|Any CPU.Build.0 = Release|Any CPU
		{0AC038B9-F203-4ACA-83BC-22D2CEE6DF73}.Debug|Any CPU.ActiveCfg = Debug|Any CPU
		{0AC038B9-F203-4ACA-83BC-22D2CEE6DF73}.Debug|Any CPU.Build.0 = Debug|Any CPU
		{0AC038B9-F203-4ACA-83BC-22D2CEE6DF73}.Release|Any CPU.ActiveCfg = Release|Any CPU
		{0AC038B9-F203-4ACA-83BC-22D2CEE6DF73}.Release|Any CPU.Build.0 = Release|Any CPU
		{2375AAB7-8D50-4124-80CA-157E5B085C6E}.Debug|Any CPU.ActiveCfg = Debug|Any CPU
		{2375AAB7-8D50-4124-80CA-157E5B085C6E}.Debug|Any CPU.Build.0 = Debug|Any CPU
		{2375AAB7-8D50-4124-80CA-157E5B085C6E}.Release|Any CPU.ActiveCfg = Release|Any CPU
		{2375AAB7-8D50-4124-80CA-157E5B085C6E}.Release|Any CPU.Build.0 = Release|Any CPU
		{75EC443B-5D87-4CBC-8B89-C461C505C5C3}.Debug|Any CPU.ActiveCfg = Debug|Any CPU
		{75EC443B-5D87-4CBC-8B89-C461C505C5C3}.Debug|Any CPU.Build.0 = Debug|Any CPU
		{75EC443B-5D87-4CBC-8B89-C461C505C5C3}.Release|Any CPU.ActiveCfg = Release|Any CPU
		{75EC443B-5D87-4CBC-8B89-C461C505C5C3}.Release|Any CPU.Build.0 = Release|Any CPU
	EndGlobalSection
	GlobalSection(NestedProjects) = preSolution
		{64FA2D0E-6FAB-48BC-8C40-C3D75F6C7A41} = {A6477956-B0D4-422D-A20E-88BC362C6839}
		{E1F3CFED-7615-4977-A59C-AEF722F30701} = {A6477956-B0D4-422D-A20E-88BC362C6839}
		{AE972868-45AD-4089-95F4-BB5743B9355F} = {A6477956-B0D4-422D-A20E-88BC362C6839}
		{0AC038B9-F203-4ACA-83BC-22D2CEE6DF73} = {A6477956-B0D4-422D-A20E-88BC362C6839}
		{2375AAB7-8D50-4124-80CA-157E5B085C6E} = {A6477956-B0D4-422D-A20E-88BC362C6839}
		{75EC443B-5D87-4CBC-8B89-C461C505C5C3} = {A6477956-B0D4-422D-A20E-88BC362C6839}
	EndGlobalSection
EndGlobal
